{
	"name": "dynamoose-utils",
	"version": "3.0.0-beta.7",
	"lockfileVersion": 2,
	"requires": true,
	"packages": {
		"": {
			"name": "dynamoose-utils",
			"version": "3.0.0-beta.7",
			"funding": [
				{
					"type": "github-sponsors",
					"url": "https://github.com/sponsors/fishcharlie"
				},
				{
					"type": "opencollective",
					"url": "https://opencollective.com/dynamoose"
				}
			],
			"license": "Unlicense",
			"dependencies": {
				"js-object-utilities": "^2.1.0"
			}
		},
		"node_modules/js-object-utilities": {
			"version": "2.1.0",
			"resolved": "https://registry.npmjs.org/js-object-utilities/-/js-object-utilities-2.1.0.tgz",
			"integrity": "sha512-X62npvVTfyNELV4gPU4jJSzFZbdxk3zH/FxlBrZ6n+AGKpGyhMpsPs00tjtqTLy582zG4bvaG5fuKMm/zA1gng=="
		}
	},
	"dependencies": {
		"js-object-utilities": {
			"version": "2.1.0",
			"resolved": "https://registry.npmjs.org/js-object-utilities/-/js-object-utilities-2.1.0.tgz",
			"integrity": "sha512-X62npvVTfyNELV4gPU4jJSzFZbdxk3zH/FxlBrZ6n+AGKpGyhMpsPs00tjtqTLy582zG4bvaG5fuKMm/zA1gng=="
		}
	}
}
