{
	"name": "source-map-stacktrace-parser",
	"lockfileVersion": 2,
	"requires": true,
	"packages": {
		"": {
			"dependencies": {
				"@actions/core": "^1.2.6",
				"simple-git": "^2.37.0",
				"source-map": "^0.7.3"
			}
		},
		"node_modules/@actions/core": {
			"version": "1.2.6",
			"resolved": "https://registry.npmjs.org/@actions%2fcore/-/core-1.2.6.tgz",
			"integrity": "sha512-ZQYitnqiyBc3D+k7LsgSBmMDVkOVidaagDG7j3fOym77jNunWRuYx7VSHa9GNfFZh+zh61xsCjRj4JxMZlDqTA==",
			"license": "MIT"
		},
		"node_modules/@kwsites/file-exists": {
			"version": "1.1.1",
			"resolved": "https://registry.npmjs.org/@kwsites%2ffile-exists/-/file-exists-1.1.1.tgz",
			"integrity": "sha512-m9/5YGR18lIwxSFDwfE3oA7bWuq9kdau6ugN4H2rJeyhFQZcG9AgSHkQtSD15a8WvTgfz9aikZMrKPHvbpqFiw==",
			"license": "MIT",
			"dependencies": {
				"debug": "^4.1.1"
			}
		},
		"node_modules/@kwsites/promise-deferred": {
			"version": "1.1.1",
			"resolved": "https://registry.npmjs.org/@kwsites%2fpromise-deferred/-/promise-deferred-1.1.1.tgz",
			"integrity": "sha512-GaHYm+c0O9MjZRu0ongGBRbinu8gVAMd2UZjji6jVmqKtZluZnptXGWhz1E8j8D2HJ3f/yMxKAUC0b+57wncIw==",
			"license": "MIT"
		},
		"node_modules/debug": {
			"version": "4.3.2",
			"resolved": "https://registry.npmjs.org/debug/-/debug-4.3.2.tgz",
			"integrity": "sha512-mOp8wKcvj7XxC78zLgw/ZA+6TSgkoE2C/ienthhRD298T7UNwAg9diBpLRxC0mOezLl4B0xV7M0cCO6P/O0Xhw==",
			"license": "MIT",
			"dependencies": {
				"ms": "2.1.2"
			},
			"engines": {
				"node": ">=6.0"
			},
			"peerDependenciesMeta": {
				"supports-color": {
					"optional": true
				}
			}
		},
		"node_modules/ms": {
			"version": "2.1.2",
			"resolved": "https://registry.npmjs.org/ms/-/ms-2.1.2.tgz",
			"integrity": "sha512-sGkPx+VjMtmA6MX27oA4FBFELFCZZ4S4XqeGOXCv68tT+jb3vk/RyaKWP0PTKyWtmLSM0b+adUTEvbs1PEaH2w==",
			"license": "MIT"
		},
		"node_modules/simple-git": {
			"version": "2.37.0",
			"resolved": "https://registry.npmjs.org/simple-git/-/simple-git-2.37.0.tgz",
			"integrity": "sha512-ZK6qRnP+Xa2v23UEZDNHUfzswsuNCDHOQpWZRkpqNaXn7V5wVBBx3zRJLji3pROJGzrzA7mXwY7preL5EKuAaQ==",
			"license": "MIT",
			"dependencies": {
				"@kwsites/file-exists": "^1.1.1",
				"@kwsites/promise-deferred": "^1.1.1",
				"debug": "^4.3.2"
			}
		},
		"node_modules/source-map": {
			"version": "0.7.3",
			"resolved": "https://registry.npmjs.org/source-map/-/source-map-0.7.3.tgz",
			"integrity": "sha512-CkCj6giN3S+n9qrYiBTX5gystlENnRW5jZeNLHpe6aue+SrHcG5VYwujhW9s4dY31mEGsxBDrHR6oI69fTXsaQ==",
			"license": "BSD-3-Clause",
			"engines": {
				"node": ">= 8"
			}
		}
	},
	"dependencies": {
		"@actions/core": {
			"version": "1.2.6",
			"resolved": "https://registry.npmjs.org/@actions%2fcore/-/core-1.2.6.tgz",
			"integrity": "sha512-ZQYitnqiyBc3D+k7LsgSBmMDVkOVidaagDG7j3fOym77jNunWRuYx7VSHa9GNfFZh+zh61xsCjRj4JxMZlDqTA=="
		},
		"@kwsites/file-exists": {
			"version": "1.1.1",
			"resolved": "https://registry.npmjs.org/@kwsites%2ffile-exists/-/file-exists-1.1.1.tgz",
			"integrity": "sha512-m9/5YGR18lIwxSFDwfE3oA7bWuq9kdau6ugN4H2rJeyhFQZcG9AgSHkQtSD15a8WvTgfz9aikZMrKPHvbpqFiw==",
			"requires": {
				"debug": "^4.1.1"
			}
		},
		"@kwsites/promise-deferred": {
			"version": "1.1.1",
			"resolved": "https://registry.npmjs.org/@kwsites%2fpromise-deferred/-/promise-deferred-1.1.1.tgz",
			"integrity": "sha512-GaHYm+c0O9MjZRu0ongGBRbinu8gVAMd2UZjji6jVmqKtZluZnptXGWhz1E8j8D2HJ3f/yMxKAUC0b+57wncIw=="
		},
		"debug": {
			"version": "4.3.2",
			"resolved": "https://registry.npmjs.org/debug/-/debug-4.3.2.tgz",
			"integrity": "sha512-mOp8wKcvj7XxC78zLgw/ZA+6TSgkoE2C/ienthhRD298T7UNwAg9diBpLRxC0mOezLl4B0xV7M0cCO6P/O0Xhw==",
			"requires": {
				"ms": "2.1.2"
			}
		},
		"ms": {
			"version": "2.1.2",
			"resolved": "https://registry.npmjs.org/ms/-/ms-2.1.2.tgz",
			"integrity": "sha512-sGkPx+VjMtmA6MX27oA4FBFELFCZZ4S4XqeGOXCv68tT+jb3vk/RyaKWP0PTKyWtmLSM0b+adUTEvbs1PEaH2w=="
		},
		"simple-git": {
			"version": "2.37.0",
			"resolved": "https://registry.npmjs.org/simple-git/-/simple-git-2.37.0.tgz",
			"integrity": "sha512-ZK6qRnP+Xa2v23UEZDNHUfzswsuNCDHOQpWZRkpqNaXn7V5wVBBx3zRJLji3pROJGzrzA7mXwY7preL5EKuAaQ==",
			"requires": {
				"@kwsites/file-exists": "^1.1.1",
				"@kwsites/promise-deferred": "^1.1.1",
				"debug": "^4.3.2"
			}
		},
		"source-map": {
			"version": "0.7.3",
			"resolved": "https://registry.npmjs.org/source-map/-/source-map-0.7.3.tgz",
			"integrity": "sha512-CkCj6giN3S+n9qrYiBTX5gystlENnRW5jZeNLHpe6aue+SrHcG5VYwujhW9s4dY31mEGsxBDrHR6oI69fTXsaQ=="
		}
	}
}
