{
  "name": "dynamoose-logger",
  "version": "4.1.1",
  "lockfileVersion": 2,
  "requires": true,
  "packages": {
    "": {
      "name": "dynamoose-logger",
      "version": "4.1.1",
      "funding": [
        {
          "type": "github-sponsors",
          "url": "https://github.com/sponsors/fishcharlie"
        },
        {
          "type": "opencollective",
          "url": "https://opencollective.com/dynamoose"
        }
      ],
      "license": "Unlicense",
      "dependencies": {
        "js-object-utilities": "^2.2.1",
        "uuid": "^9.0.1"
      }
    },
    "node_modules/js-object-utilities": {
      "version": "2.2.1",
      "resolved": "https://registry.npmjs.org/js-object-utilities/-/js-object-utilities-2.2.1.tgz",
      "integrity": "sha512-0Ki0uXeMEga6OVM7ESxLjSaCYMdrQ46av0VomzaQT7BWNwMsEodmrtImkdD6K7SCq0ADw1uoQm4HBrsMQqtEww=="
    },
    "node_modules/uuid": {
      "version": "9.0.1",
      "resolved": "https://registry.npmjs.org/uuid/-/uuid-9.0.1.tgz",
      "integrity": "sha512-b+1eJOlsR9K8HJpow9Ok3fiWOWSIcIzXodvv0rQjVoOVNpWMpxf1wZNpt4y9h10odCNrqnYp1OBzRktckBe3sA==",
      "funding": [
        "https://github.com/sponsors/broofa",
        "https://github.com/sponsors/ctavan"
      ],
      "bin": {
        "uuid": "dist/bin/uuid"
      }
    }
  },
  "dependencies": {
    "js-object-utilities": {
      "version": "2.2.1",
      "resolved": "https://registry.npmjs.org/js-object-utilities/-/js-object-utilities-2.2.1.tgz",
      "integrity": "sha512-0Ki0uXeMEga6OVM7ESxLjSaCYMdrQ46av0VomzaQT7BWNwMsEodmrtImkdD6K7SCq0ADw1uoQm4HBrsMQqtEww=="
    },
    "uuid": {
      "version": "9.0.1",
      "resolved": "https://registry.npmjs.org/uuid/-/uuid-9.0.1.tgz",
      "integrity": "sha512-b+1eJOlsR9K8HJpow9Ok3fiWOWSIcIzXodvv0rQjVoOVNpWMpxf1wZNpt4y9h10odCNrqnYp1OBzRktckBe3sA=="
    }
  }
}
