{
	"name": "dynamoose-logger",
	"version": "3.3.0",
	"lockfileVersion": 2,
	"requires": true,
	"packages": {
		"": {
			"name": "dynamoose-logger",
			"version": "3.3.0",
			"funding": [
				{
					"type": "github-sponsors",
					"url": "https://github.com/sponsors/fishcharlie"
				},
				{
					"type": "opencollective",
					"url": "https://opencollective.com/dynamoose"
				}
			],
			"license": "Unlicense",
			"dependencies": {
				"js-object-utilities": "^2.1.0",
				"uuid": "^8.3.2"
			}
		},
		"node_modules/js-object-utilities": {
			"version": "2.1.0",
			"resolved": "https://registry.npmjs.org/js-object-utilities/-/js-object-utilities-2.1.0.tgz",
			"integrity": "sha512-X62npvVTfyNELV4gPU4jJSzFZbdxk3zH/FxlBrZ6n+AGKpGyhMpsPs00tjtqTLy582zG4bvaG5fuKMm/zA1gng==",
			"license": "UNLICENSE"
		},
		"node_modules/uuid": {
			"version": "8.3.2",
			"resolved": "https://registry.npmjs.org/uuid/-/uuid-8.3.2.tgz",
			"integrity": "sha512-+NYs2QeMWy+GWFOEm9xnn6HCDp0l7QBD7ml8zLUmJ+93Q5NF0NocErnwkTkXVFNiX3/fpC6afS8Dhb/gz7R7eg==",
			"license": "MIT",
			"bin": {
				"uuid": "dist/bin/uuid"
			}
		}
	},
	"dependencies": {
		"js-object-utilities": {
			"version": "2.1.0",
			"resolved": "https://registry.npmjs.org/js-object-utilities/-/js-object-utilities-2.1.0.tgz",
			"integrity": "sha512-X62npvVTfyNELV4gPU4jJSzFZbdxk3zH/FxlBrZ6n+AGKpGyhMpsPs00tjtqTLy582zG4bvaG5fuKMm/zA1gng=="
		},
		"uuid": {
			"version": "8.3.2",
			"resolved": "https://registry.npmjs.org/uuid/-/uuid-8.3.2.tgz",
			"integrity": "sha512-+NYs2QeMWy+GWFOEm9xnn6HCDp0l7QBD7ml8zLUmJ+93Q5NF0NocErnwkTkXVFNiX3/fpC6afS8Dhb/gz7R7eg=="
		}
	}
}
